
Microsoft Visual Studio Solution File, Format Version 12.00
# Visual Studio Version 16
VisualStudioVersion = 16.0.31205.134
MinimumVisualStudioVersion = 10.0.40219.1
Project("{FAE04EC0-301F-11D3-BF4B-00C04F79EFBC}") = "SeleniumAutoFramework", "SeleniumAutoFramework\SeleniumAutoFramework.csproj", "{CF5D28C2-3214-4C7B-9EE8-7A67F1E7A127}"
EndProject
Project("{FAE04EC0-301F-11D3-BF4B-00C04F79EFBC}") = "SeleniumAutoTest", "SeleniumAutoTest\SeleniumAutoTest.csproj", "{1504FE24-5A7E-4C23-A4DA-F029BF3CE9C4}"
EndProject
Global
	GlobalSection(SolutionConfigurationPlatforms) = preSolution
		Debug|Any CPU = Debug|Any CPU
		Release|Any CPU = Release|Any CPU
	EndGlobalSection
	GlobalSection(ProjectConfigurationPlatforms) = postSolution
		{CF5D28C2-3214-4C7B-9EE8-7A67F1E7A127}.Debug|Any CPU.ActiveCfg = Debug|Any CPU
		{CF5D28C2-3214-4C7B-9EE8-7A67F1E7A127}.Debug|Any CPU.Build.0 = Debug|Any CPU
		{CF5D28C2-3214-4C7B-9EE8-7A67F1E7A127}.Release|Any CPU.ActiveCfg = Release|Any CPU
		{CF5D28C2-3214-4C7B-9EE8-7A67F1E7A127}.Release|Any CPU.Build.0 = Release|Any CPU
		{1504FE24-5A7E-4C23-A4DA-F029BF3CE9C4}.Debug|Any CPU.ActiveCfg = Debug|Any CPU
		{1504FE24-5A7E-4C23-A4DA-F029BF3CE9C4}.Debug|Any CPU.Build.0 = Debug|Any CPU
		{1504FE24-5A7E-4C23-A4DA-F029BF3CE9C4}.Release|Any CPU.ActiveCfg = Release|Any CPU
		{1504FE24-5A7E-4C23-A4DA-F029BF3CE9C4}.Release|Any CPU.Build.0 = Release|Any CPU
	EndGlobalSection
	GlobalSection(SolutionProperties) = preSolution
		HideSolutionNode = FALSE
	EndGlobalSection
	GlobalSection(ExtensibilityGlobals) = postSolution
		SolutionGuid = {63353F62-940C-42E7-A95B-215093BF1FF5}
	EndGlobalSection
EndGlobal
